
Microsoft Visual Studio Solution File, Format Version 12.00
# Visual Studio Version 16
VisualStudioVersion = 16.0.32002.261
MinimumVisualStudioVersion = 10.0.40219.1
Project("{9A19103F-16F7-4668-BE54-9A1E7A4F7556}") = "CreditCardValidatorApi.Api", "CreditCardValidatorApi.Api\CreditCardValidatorApi.Api.csproj", "{8B86287C-F2CC-4EDF-8489-620843C6E0BD}"
EndProject
Project("{9A19103F-16F7-4668-BE54-9A1E7A4F7556}") = "CreditCardValidatorApi.Application", "CreditCardValidatorApi.Application\CreditCardValidatorApi.Application.csproj", "{B64EB902-53A0-407C-A489-FB606231D18E}"
EndProject
Project("{9A19103F-16F7-4668-BE54-9A1E7A4F7556}") = "CreditCardValidatorApi.Core", "CreditCardValidatorApi.Core\CreditCardValidatorApi.Core.csproj", "{4BCDC058-29CC-4809-9B7C-02425CA4ED81}"
EndProject
Project("{9A19103F-16F7-4668-BE54-9A1E7A4F7556}") = "CreditCardValidatorApi.Infrastructure", "CreditCardValidatorApi.Infrastructure\CreditCardValidatorApi.Infrastructure.csproj", "{ADD805A5-2D1F-4EFF-83CE-3682096B7F03}"
EndProject
Project("{FAE04EC0-301F-11D3-BF4B-00C04F79EFBC}") = "CreditCardValidatorApi.Test", "CreditCardValidatorApi.Test\CreditCardValidatorApi.Test.csproj", "{1142664C-00EF-44FF-A71F-798AEFFD71EF}"
EndProject
Global
	GlobalSection(SolutionConfigurationPlatforms) = preSolution
		Debug|Any CPU = Debug|Any CPU
		Release|Any CPU = Release|Any CPU
	EndGlobalSection
	GlobalSection(ProjectConfigurationPlatforms) = postSolution
		{8B86287C-F2CC-4EDF-8489-620843C6E0BD}.Debug|Any CPU.ActiveCfg = Debug|Any CPU
		{8B86287C-F2CC-4EDF-8489-620843C6E0BD}.Debug|Any CPU.Build.0 = Debug|Any CPU
		{8B86287C-F2CC-4EDF-8489-620843C6E0BD}.Release|Any CPU.ActiveCfg = Release|Any CPU
		{8B86287C-F2CC-4EDF-8489-620843C6E0BD}.Release|Any CPU.Build.0 = Release|Any CPU
		{B64EB902-53A0-407C-A489-FB606231D18E}.Debug|Any CPU.ActiveCfg = Debug|Any CPU
		{B64EB902-53A0-407C-A489-FB606231D18E}.Debug|Any CPU.Build.0 = Debug|Any CPU
		{B64EB902-53A0-407C-A489-FB606231D18E}.Release|Any CPU.ActiveCfg = Release|Any CPU
		{B64EB902-53A0-407C-A489-FB606231D18E}.Release|Any CPU.Build.0 = Release|Any CPU
		{4BCDC058-29CC-4809-9B7C-02425CA4ED81}.Debug|Any CPU.ActiveCfg = Debug|Any CPU
		{4BCDC058-29CC-4809-9B7C-02425CA4ED81}.Debug|Any CPU.Build.0 = Debug|Any CPU
		{4BCDC058-29CC-4809-9B7C-02425CA4ED81}.Release|Any CPU.ActiveCfg = Release|Any CPU
		{4BCDC058-29CC-4809-9B7C-02425CA4ED81}.Release|Any CPU.Build.0 = Release|Any CPU
		{ADD805A5-2D1F-4EFF-83CE-3682096B7F03}.Debug|Any CPU.ActiveCfg = Debug|Any CPU
		{ADD805A5-2D1F-4EFF-83CE-3682096B7F03}.Debug|Any CPU.Build.0 = Debug|Any CPU
		{ADD805A5-2D1F-4EFF-83CE-3682096B7F03}.Release|Any CPU.ActiveCfg = Release|Any CPU
		{ADD805A5-2D1F-4EFF-83CE-3682096B7F03}.Release|Any CPU.Build.0 = Release|Any CPU
		{1142664C-00EF-44FF-A71F-798AEFFD71EF}.Debug|Any CPU.ActiveCfg = Debug|Any CPU
		{1142664C-00EF-44FF-A71F-798AEFFD71EF}.Debug|Any CPU.Build.0 = Debug|Any CPU
		{1142664C-00EF-44FF-A71F-798AEFFD71EF}.Release|Any CPU.ActiveCfg = Release|Any CPU
		{1142664C-00EF-44FF-A71F-798AEFFD71EF}.Release|Any CPU.Build.0 = Release|Any CPU
	EndGlobalSection
	GlobalSection(SolutionProperties) = preSolution
		HideSolutionNode = FALSE
	EndGlobalSection
	GlobalSection(ExtensibilityGlobals) = postSolution
		SolutionGuid = {F9E5CFFC-AF65-42AB-AA5A-317FC4CFD82C}
	EndGlobalSection
EndGlobal
